// !$*UTF8*$!
{
	archiveVersion = 1;
	classes = {
	};
	objectVersion = 46;
	objects = {

/* Begin PBXBuildFile section */
		3578ED6A16D697FF003BC622 /* UIKit.framework in Frameworks */ = {isa = PBXBuildFile; fileRef = 3578ED6916D697FF003BC622 /* UIKit.framework */; };
		3578ED6C16D697FF003BC622 /* Foundation.framework in Frameworks */ = {isa = PBXBuildFile; fileRef = 3578ED6B16D697FF003BC622 /* Foundation.framework */; };
		3578ED6E16D697FF003BC622 /* CoreGraphics.framework in Frameworks */ = {isa = PBXBuildFile; fileRef = 3578ED6D16D697FF003BC622 /* CoreGraphics.framework */; };
		3578ED7416D697FF003BC622 /* InfoPlist.strings in Resources */ = {isa = PBXBuildFile; fileRef = 3578ED7216D697FF003BC622 /* InfoPlist.strings */; };
		3578ED7616D697FF003BC622 /* main.m in Sources */ = {isa = PBXBuildFile; fileRef = 3578ED7516D697FF003BC622 /* main.m */; };
		3578ED7A16D697FF003BC622 /* AppDelegate.m in Sources */ = {isa = PBXBuildFile; fileRef = 3578ED7916D697FF003BC622 /* AppDelegate.m */; };
		3578ED7C16D697FF003BC622 /* Default.png in Resources */ = {isa = PBXBuildFile; fileRef = 3578ED7B16D697FF003BC622 /* Default.png */; };
		3578ED7E16D697FF003BC622 /* Default@2x.png in Resources */ = {isa = PBXBuildFile; fileRef = 3578ED7D16D697FF003BC622 /* Default@2x.png */; };
		3578ED8016D697FF003BC622 /* Default-568h@2x.png in Resources */ = {isa = PBXBuildFile; fileRef = 3578ED7F16D697FF003BC622 /* Default-568h@2x.png */; };
		3578ED8316D697FF003BC622 /* MainStoryboard.storyboard in Resources */ = {isa = PBXBuildFile; fileRef = 3578ED8116D697FF003BC622 /* MainStoryboard.storyboard */; };
		3578ED8616D697FF003BC622 /* ViewController.m in Sources */ = {isa = PBXBuildFile; fileRef = 3578ED8516D697FF003BC622 /* ViewController.m */; };
		3578ED8E16D99C7A003BC622 /* R9HTTPRequest.m in Sources */ = {isa = PBXBuildFile; fileRef = 3578ED8D16D99C7A003BC622 /* R9HTTPRequest.m */; };
		3578ED9116DB17A1003BC622 /* Settings.m in Sources */ = {isa = PBXBuildFile; fileRef = 3578ED9016DB17A1003BC622 /* Settings.m */; };
		3578EDB016DDB819003BC622 /* ImageIO.framework in Frameworks */ = {isa = PBXBuildFile; fileRef = 3578EDAF16DDB819003BC622 /* ImageIO.framework */; };
		3578EDB216DDB821003BC622 /* MobileCoreServices.framework in Frameworks */ = {isa = PBXBuildFile; fileRef = 3578EDB116DDB821003BC622 /* MobileCoreServices.framework */; };
/* End PBXBuildFile section */

/* Begin PBXFileReference section */
		3578ED6616D697FF003BC622 /* photo_share.app */ = {isa = PBXFileReference; explicitFileType = wrapper.application; includeInIndex = 0; path = photo_share.app; sourceTree = BUILT_PRODUCTS_DIR; };
		3578ED6916D697FF003BC622 /* UIKit.framework */ = {isa = PBXFileReference; lastKnownFileType = wrapper.framework; name = UIKit.framework; path = System/Library/Frameworks/UIKit.framework; sourceTree = SDKROOT; };
		3578ED6B16D697FF003BC622 /* Foundation.framework */ = {isa = PBXFileReference; lastKnownFileType = wrapper.framework; name = Foundation.framework; path = System/Library/Frameworks/Foundation.framework; sourceTree = SDKROOT; };
		3578ED6D16D697FF003BC622 /* CoreGraphics.framework */ = {isa = PBXFileReference; lastKnownFileType = wrapper.framework; name = CoreGraphics.framework; path = System/Library/Frameworks/CoreGraphics.framework; sourceTree = SDKROOT; };
		3578ED7116D697FF003BC622 /* photo_share-Info.plist */ = {isa = PBXFileReference; lastKnownFileType = text.plist.xml; path = "photo_share-Info.plist"; sourceTree = "<group>"; };
		3578ED7316D697FF003BC622 /* en */ = {isa = PBXFileReference; lastKnownFileType = text.plist.strings; name = en; path = en.lproj/InfoPlist.strings; sourceTree = "<group>"; };
		3578ED7516D697FF003BC622 /* main.m */ = {isa = PBXFileReference; lastKnownFileType = sourcecode.c.objc; path = main.m; sourceTree = "<group>"; };
		3578ED7716D697FF003BC622 /* photo_share-Prefix.pch */ = {isa = PBXFileReference; lastKnownFileType = sourcecode.c.h; path = "photo_share-Prefix.pch"; sourceTree = "<group>"; };
		3578ED7816D697FF003BC622 /* AppDelegate.h */ = {isa = PBXFileReference; lastKnownFileType = sourcecode.c.h; path = AppDelegate.h; sourceTree = "<group>"; };
		3578ED7916D697FF003BC622 /* AppDelegate.m */ = {isa = PBXFileReference; lastKnownFileType = sourcecode.c.objc; path = AppDelegate.m; sourceTree = "<group>"; };
		3578ED7B16D697FF003BC622 /* Default.png */ = {isa = PBXFileReference; lastKnownFileType = image.png; path = Default.png; sourceTree = "<group>"; };
		3578ED7D16D697FF003BC622 /* Default@2x.png */ = {isa = PBXFileReference; lastKnownFileType = image.png; path = "Default@2x.png"; sourceTree = "<group>"; };
		3578ED7F16D697FF003BC622 /* Default-568h@2x.png */ = {isa = PBXFileReference; lastKnownFileType = image.png; path = "Default-568h@2x.png"; sourceTree = "<group>"; };
		3578ED8216D697FF003BC622 /* en */ = {isa = PBXFileReference; lastKnownFileType = file.storyboard; name = en; path = en.lproj/MainStoryboard.storyboard; sourceTree = "<group>"; };
		3578ED8416D697FF003BC622 /* ViewController.h */ = {isa = PBXFileReference; lastKnownFileType = sourcecode.c.h; path = ViewController.h; sourceTree = "<group>"; };
		3578ED8516D697FF003BC622 /* ViewController.m */ = {isa = PBXFileReference; lastKnownFileType = sourcecode.c.objc; path = ViewController.m; sourceTree = "<group>"; };
		3578ED8C16D99C7A003BC622 /* R9HTTPRequest.h */ = {isa = PBXFileReference; fileEncoding = 4; lastKnownFileType = sourcecode.c.h; name = R9HTTPRequest.h; path = photo_share/R9HTTPRequest.h; sourceTree = "<group>"; };
		3578ED8D16D99C7A003BC622 /* R9HTTPRequest.m */ = {isa = PBXFileReference; fileEncoding = 4; lastKnownFileType = sourcecode.c.objc; name = R9HTTPRequest.m; path = photo_share/R9HTTPRequest.m; sourceTree = "<group>"; };
		3578ED8F16DB17A1003BC622 /* Settings.h */ = {isa = PBXFileReference; fileEncoding = 4; lastKnownFileType = sourcecode.c.h; path = Settings.h; sourceTree = "<group>"; };
		3578ED9016DB17A1003BC622 /* Settings.m */ = {isa = PBXFileReference; fileEncoding = 4; lastKnownFileType = sourcecode.c.objc; path = Settings.m; sourceTree = "<group>"; };
		3578EDAF16DDB819003BC622 /* ImageIO.framework */ = {isa = PBXFileReference; lastKnownFileType = wrapper.framework; name = ImageIO.framework; path = System/Library/Frameworks/ImageIO.framework; sourceTree = SDKROOT; };
		3578EDB116DDB821003BC622 /* MobileCoreServices.framework */ = {isa = PBXFileReference; lastKnownFileType = wrapper.framework; name = MobileCoreServices.framework; path = System/Library/Frameworks/MobileCoreServices.framework; sourceTree = SDKROOT; };
/* End PBXFileReference section */

/* Begin PBXFrameworksBuildPhase section */
		3578ED6316D697FF003BC622 /* Frameworks */ = {
			isa = PBXFrameworksBuildPhase;
			buildActionMask = 2147483647;
			files = (
				3578EDB216DDB821003BC622 /* MobileCoreServices.framework in Frameworks */,
				3578EDB016DDB819003BC622 /* ImageIO.framework in Frameworks */,
				3578ED6A16D697FF003BC622 /* UIKit.framework in Frameworks */,
				3578ED6C16D697FF003BC622 /* Foundation.framework in Frameworks */,
				3578ED6E16D697FF003BC622 /* CoreGraphics.framework in Frameworks */,
			);
			runOnlyForDeploymentPostprocessing = 0;
		};
/* End PBXFrameworksBuildPhase section */

/* Begin PBXGroup section */
		3578ED5D16D697FF003BC622 = {
			isa = PBXGroup;
			children = (
				3578EDB116DDB821003BC622 /* MobileCoreServices.framework */,
				3578EDAF16DDB819003BC622 /* ImageIO.framework */,
				3578ED9216DB17DA003BC622 /* R9 */,
				3578ED6F16D697FF003BC622 /* photo_share */,
				3578ED6816D697FF003BC622 /* Frameworks */,
				3578ED6716D697FF003BC622 /* Products */,
			);
			sourceTree = "<group>";
		};
		3578ED6716D697FF003BC622 /* Products */ = {
			isa = PBXGroup;
			children = (
				3578ED6616D697FF003BC622 /* photo_share.app */,
			);
			name = Products;
			sourceTree = "<group>";
		};
		3578ED6816D697FF003BC622 /* Frameworks */ = {
			isa = PBXGroup;
			children = (
				3578ED6916D697FF003BC622 /* UIKit.framework */,
				3578ED6B16D697FF003BC622 /* Foundation.framework */,
				3578ED6D16D697FF003BC622 /* CoreGraphics.framework */,
			);
			name = Frameworks;
			sourceTree = "<group>";
		};
		3578ED6F16D697FF003BC622 /* photo_share */ = {
			isa = PBXGroup;
			children = (
				3578ED7016D697FF003BC622 /* Supporting Files */,
				3578ED7816D697FF003BC622 /* AppDelegate.h */,
				3578ED7916D697FF003BC622 /* AppDelegate.m */,
				3578ED8116D697FF003BC622 /* MainStoryboard.storyboard */,
				3578ED8416D697FF003BC622 /* ViewController.h */,
				3578ED8516D697FF003BC622 /* ViewController.m */,
				3578ED8F16DB17A1003BC622 /* Settings.h */,
				3578ED9016DB17A1003BC622 /* Settings.m */,
			);
			path = photo_share;
			sourceTree = "<group>";
		};
		3578ED7016D697FF003BC622 /* Supporting Files */ = {
			isa = PBXGroup;
			children = (
				3578ED7116D697FF003BC622 /* photo_share-Info.plist */,
				3578ED7216D697FF003BC622 /* InfoPlist.strings */,
				3578ED7516D697FF003BC622 /* main.m */,
				3578ED7716D697FF003BC622 /* photo_share-Prefix.pch */,
				3578ED7B16D697FF003BC622 /* Default.png */,
				3578ED7D16D697FF003BC622 /* Default@2x.png */,
				3578ED7F16D697FF003BC622 /* Default-568h@2x.png */,
			);
			name = "Supporting Files";
			sourceTree = "<group>";
		};
		3578ED9216DB17DA003BC622 /* R9 */ = {
			isa = PBXGroup;
			children = (
				3578ED8C16D99C7A003BC622 /* R9HTTPRequest.h */,
				3578ED8D16D99C7A003BC622 /* R9HTTPRequest.m */,
			);
			name = R9;
			sourceTree = "<group>";
		};
/* End PBXGroup section */

/* Begin PBXNativeTarget section */
		3578ED6516D697FF003BC622 /* photo_share */ = {
			isa = PBXNativeTarget;
			buildConfigurationList = 3578ED8916D697FF003BC622 /* Build configuration list for PBXNativeTarget "photo_share" */;
			buildPhases = (
				3578ED6216D697FF003BC622 /* Sources */,
				3578ED6316D697FF003BC622 /* Frameworks */,
				3578ED6416D697FF003BC622 /* Resources */,
			);
			buildRules = (
			);
			dependencies = (
			);
			name = photo_share;
			productName = photo_share;
			productReference = 3578ED6616D697FF003BC622 /* photo_share.app */;
			productType = "com.apple.product-type.application";
		};
/* End PBXNativeTarget section */

/* Begin PBXProject section */
		3578ED5E16D697FF003BC622 /* Project object */ = {
			isa = PBXProject;
			attributes = {
				LastUpgradeCheck = 0460;
				ORGANIZATIONNAME = amaoto;
			};
			buildConfigurationList = 3578ED6116D697FF003BC622 /* Build configuration list for PBXProject "photo_share" */;
			compatibilityVersion = "Xcode 3.2";
			developmentRegion = English;
			hasScannedForEncodings = 0;
			knownRegions = (
				en,
			);
			mainGroup = 3578ED5D16D697FF003BC622;
			productRefGroup = 3578ED6716D697FF003BC622 /* Products */;
			projectDirPath = "";
			projectRoot = "";
			targets = (
				3578ED6516D697FF003BC622 /* photo_share */,
			);
		};
/* End PBXProject section */

/* Begin PBXResourcesBuildPhase section */
		3578ED6416D697FF003BC622 /* Resources */ = {
			isa = PBXResourcesBuildPhase;
			buildActionMask = 2147483647;
			files = (
				3578ED7416D697FF003BC622 /* InfoPlist.strings in Resources */,
				3578ED7C16D697FF003BC622 /* Default.png in Resources */,
				3578ED7E16D697FF003BC622 /* Default@2x.png in Resources */,
				3578ED8016D697FF003BC622 /* Default-568h@2x.png in Resources */,
				3578ED8316D697FF003BC622 /* MainStoryboard.storyboard in Resources */,
			);
			runOnlyForDeploymentPostprocessing = 0;
		};
/* End PBXResourcesBuildPhase section */

/* Begin PBXSourcesBuildPhase section */
		3578ED6216D697FF003BC622 /* Sources */ = {
			isa = PBXSourcesBuildPhase;
			buildActionMask = 2147483647;
			files = (
				3578ED7616D697FF003BC622 /* main.m in Sources */,
				3578ED7A16D697FF003BC622 /* AppDelegate.m in Sources */,
				3578ED8616D697FF003BC622 /* ViewController.m in Sources */,
				3578ED8E16D99C7A003BC622 /* R9HTTPRequest.m in Sources */,
				3578ED9116DB17A1003BC622 /* Settings.m in Sources */,
			);
			runOnlyForDeploymentPostprocessing = 0;
		};
/* End PBXSourcesBuildPhase section */

/* Begin PBXVariantGroup section */
		3578ED7216D697FF003BC622 /* InfoPlist.strings */ = {
			isa = PBXVariantGroup;
			children = (
				3578ED7316D697FF003BC622 /* en */,
			);
			name = InfoPlist.strings;
			sourceTree = "<group>";
		};
		3578ED8116D697FF003BC622 /* MainStoryboard.storyboard */ = {
			isa = PBXVariantGroup;
			children = (
				3578ED8216D697FF003BC622 /* en */,
			);
			name = MainStoryboard.storyboard;
			sourceTree = "<group>";
		};
/* End PBXVariantGroup section */

/* Begin XCBuildConfiguration section */
		3578ED8716D697FF003BC622 /* Debug */ = {
			isa = XCBuildConfiguration;
			buildSettings = {
				ALWAYS_SEARCH_USER_PATHS = NO;
				CLANG_CXX_LANGUAGE_STANDARD = "gnu++0x";
				CLANG_CXX_LIBRARY = "libc++";
				CLANG_ENABLE_OBJC_ARC = YES;
				CLANG_WARN_CONSTANT_CONVERSION = YES;
				CLANG_WARN_EMPTY_BODY = YES;
				CLANG_WARN_ENUM_CONVERSION = YES;
				CLANG_WARN_INT_CONVERSION = YES;
				CLANG_WARN__DUPLICATE_METHOD_MATCH = YES;
				"CODE_SIGN_IDENTITY[sdk=iphoneos*]" = "iPhone Developer";
				COPY_PHASE_STRIP = NO;
				GCC_C_LANGUAGE_STANDARD = gnu99;
				GCC_DYNAMIC_NO_PIC = NO;
				GCC_OPTIMIZATION_LEVEL = 0;
				GCC_PREPROCESSOR_DEFINITIONS = (
					"DEBUG=1",
					"$(inherited)",
				);
				GCC_SYMBOLS_PRIVATE_EXTERN = NO;
				GCC_WARN_ABOUT_RETURN_TYPE = YES;
				GCC_WARN_UNINITIALIZED_AUTOS = YES;
				GCC_WARN_UNUSED_VARIABLE = YES;
				IPHONEOS_DEPLOYMENT_TARGET = 6.1;
				ONLY_ACTIVE_ARCH = YES;
				SDKROOT = iphoneos;
			};
			name = Debug;
		};
		3578ED8816D697FF003BC622 /* Release */ = {
			isa = XCBuildConfiguration;
			buildSettings = {
				ALWAYS_SEARCH_USER_PATHS = NO;
				CLANG_CXX_LANGUAGE_STANDARD = "gnu++0x";
				CLANG_CXX_LIBRARY = "libc++";
				CLANG_ENABLE_OBJC_ARC = YES;
				CLANG_WARN_CONSTANT_CONVERSION = YES;
				CLANG_WARN_EMPTY_BODY = YES;
				CLANG_WARN_ENUM_CONVERSION = YES;
				CLANG_WARN_INT_CONVERSION = YES;
				CLANG_WARN__DUPLICATE_METHOD_MATCH = YES;
				"CODE_SIGN_IDENTITY[sdk=iphoneos*]" = "iPhone Developer";
				COPY_PHASE_STRIP = YES;
				GCC_C_LANGUAGE_STANDARD = gnu99;
				GCC_WARN_ABOUT_RETURN_TYPE = YES;
				GCC_WARN_UNINITIALIZED_AUTOS = YES;
				GCC_WARN_UNUSED_VARIABLE = YES;
				IPHONEOS_DEPLOYMENT_TARGET = 6.1;
				OTHER_CFLAGS = "-DNS_BLOCK_ASSERTIONS=1";
				SDKROOT = iphoneos;
				VALIDATE_PRODUCT = YES;
			};
			name = Release;
		};
		3578ED8A16D697FF003BC622 /* Debug */ = {
			isa = XCBuildConfiguration;
			buildSettings = {
				GCC_PRECOMPILE_PREFIX_HEADER = YES;
				GCC_PREFIX_HEADER = "photo_share/photo_share-Prefix.pch";
				INFOPLIST_FILE = "photo_share/photo_share-Info.plist";
				PRODUCT_NAME = "$(TARGET_NAME)";
				WRAPPER_EXTENSION = app;
			};
			name = Debug;
		};
		3578ED8B16D697FF003BC622 /* Release */ = {
			isa = XCBuildConfiguration;
			buildSettings = {
				GCC_PRECOMPILE_PREFIX_HEADER = YES;
				GCC_PREFIX_HEADER = "photo_share/photo_share-Prefix.pch";
				INFOPLIST_FILE = "photo_share/photo_share-Info.plist";
				PRODUCT_NAME = "$(TARGET_NAME)";
				WRAPPER_EXTENSION = app;
			};
			name = Release;
		};
/* End XCBuildConfiguration section */

/* Begin XCConfigurationList section */
		3578ED6116D697FF003BC622 /* Build configuration list for PBXProject "photo_share" */ = {
			isa = XCConfigurationList;
			buildConfigurations = (
				3578ED8716D697FF003BC622 /* Debug */,
				3578ED8816D697FF003BC622 /* Release */,
			);
			defaultConfigurationIsVisible = 0;
			defaultConfigurationName = Release;
		};
		3578ED8916D697FF003BC622 /* Build configuration list for PBXNativeTarget "photo_share" */ = {
			isa = XCConfigurationList;
			buildConfigurations = (
				3578ED8A16D697FF003BC622 /* Debug */,
				3578ED8B16D697FF003BC622 /* Release */,
			);
			defaultConfigurationIsVisible = 0;
			defaultConfigurationName = Release;
		};
/* End XCConfigurationList section */
	};
	rootObject = 3578ED5E16D697FF003BC622 /* Project object */;
}
